// !$*UTF8*$!
{
	archiveVersion = 1;
	classes = {
	};
	objectVersion = 55;
	objects = {

/* Begin PBXBuildFile section */
		CF12A0F828DECC4900849452 /* Tests_iOS.swift in Sources */ = {isa = PBXBuildFile; fileRef = CF12A0F728DECC4900849452 /* Tests_iOS.swift */; };
		CF12A0FA28DECC4900849452 /* Tests_iOSLaunchTests.swift in Sources */ = {isa = PBXBuildFile; fileRef = CF12A0F928DECC4900849452 /* Tests_iOSLaunchTests.swift */; };
		CF12A10428DECC4900849452 /* Tests_macOS.swift in Sources */ = {isa = PBXBuildFile; fileRef = CF12A10328DECC4900849452 /* Tests_macOS.swift */; };
		CF12A10628DECC4900849452 /* Tests_macOSLaunchTests.swift in Sources */ = {isa = PBXBuildFile; fileRef = CF12A10528DECC4900849452 /* Tests_macOSLaunchTests.swift */; };
		CF12A10728DECC4900849452 /* ttApp.swift in Sources */ = {isa = PBXBuildFile; fileRef = CF12A0DF28DECC4600849452 /* ttApp.swift */; };
		CF12A10828DECC4900849452 /* ttApp.swift in Sources */ = {isa = PBXBuildFile; fileRef = CF12A0DF28DECC4600849452 /* ttApp.swift */; };
		CF12A10928DECC4900849452 /* ContentView.swift in Sources */ = {isa = PBXBuildFile; fileRef = CF12A0E028DECC4600849452 /* ContentView.swift */; };
		CF12A10A28DECC4900849452 /* ContentView.swift in Sources */ = {isa = PBXBuildFile; fileRef = CF12A0E028DECC4600849452 /* ContentView.swift */; };
		CF12A10B28DECC4900849452 /* Assets.xcassets in Resources */ = {isa = PBXBuildFile; fileRef = CF12A0E128DECC4900849452 /* Assets.xcassets */; };
		CF12A10C28DECC4900849452 /* Assets.xcassets in Resources */ = {isa = PBXBuildFile; fileRef = CF12A0E128DECC4900849452 /* Assets.xcassets */; };
/* End PBXBuildFile section */

/* Begin PBXContainerItemProxy section */
		CF12A0F428DECC4900849452 /* PBXContainerItemProxy */ = {
			isa = PBXContainerItemProxy;
			containerPortal = CF12A0DA28DECC4600849452 /* Project object */;
			proxyType = 1;
			remoteGlobalIDString = CF12A0E528DECC4900849452;
			remoteInfo = "tt (iOS)";
		};
		CF12A10028DECC4900849452 /* PBXContainerItemProxy */ = {
			isa = PBXContainerItemProxy;
			containerPortal = CF12A0DA28DECC4600849452 /* Project object */;
			proxyType = 1;
			remoteGlobalIDString = CF12A0EB28DECC4900849452;
			remoteInfo = "tt (macOS)";
		};
/* End PBXContainerItemProxy section */

/* Begin PBXFileReference section */
		CF12A0DF28DECC4600849452 /* ttApp.swift */ = {isa = PBXFileReference; lastKnownFileType = sourcecode.swift; path = ttApp.swift; sourceTree = "<group>"; };
		CF12A0E028DECC4600849452 /* ContentView.swift */ = {isa = PBXFileReference; lastKnownFileType = sourcecode.swift; path = ContentView.swift; sourceTree = "<group>"; };
		CF12A0E128DECC4900849452 /* Assets.xcassets */ = {isa = PBXFileReference; lastKnownFileType = folder.assetcatalog; path = Assets.xcassets; sourceTree = "<group>"; };
		CF12A0E628DECC4900849452 /* tt.app */ = {isa = PBXFileReference; explicitFileType = wrapper.application; includeInIndex = 0; path = tt.app; sourceTree = BUILT_PRODUCTS_DIR; };
		CF12A0EC28DECC4900849452 /* tt.app */ = {isa = PBXFileReference; explicitFileType = wrapper.application; includeInIndex = 0; path = tt.app; sourceTree = BUILT_PRODUCTS_DIR; };
		CF12A0EE28DECC4900849452 /* macOS.entitlements */ = {isa = PBXFileReference; lastKnownFileType = text.plist.entitlements; path = macOS.entitlements; sourceTree = "<group>"; };
		CF12A0F328DECC4900849452 /* Tests iOS.xctest */ = {isa = PBXFileReference; explicitFileType = wrapper.cfbundle; includeInIndex = 0; path = "Tests iOS.xctest"; sourceTree = BUILT_PRODUCTS_DIR; };
		CF12A0F728DECC4900849452 /* Tests_iOS.swift */ = {isa = PBXFileReference; lastKnownFileType = sourcecode.swift; path = Tests_iOS.swift; sourceTree = "<group>"; };
		CF12A0F928DECC4900849452 /* Tests_iOSLaunchTests.swift */ = {isa = PBXFileReference; lastKnownFileType = sourcecode.swift; path = Tests_iOSLaunchTests.swift; sourceTree = "<group>"; };
		CF12A0FF28DECC4900849452 /* Tests macOS.xctest */ = {isa = PBXFileReference; explicitFileType = wrapper.cfbundle; includeInIndex = 0; path = "Tests macOS.xctest"; sourceTree = BUILT_PRODUCTS_DIR; };
		CF12A10328DECC4900849452 /* Tests_macOS.swift */ = {isa = PBXFileReference; lastKnownFileType = sourcecode.swift; path = Tests_macOS.swift; sourceTree = "<group>"; };
		CF12A10528DECC4900849452 /* Tests_macOSLaunchTests.swift */ = {isa = PBXFileReference; lastKnownFileType = sourcecode.swift; path = Tests_macOSLaunchTests.swift; sourceTree = "<group>"; };
/* End PBXFileReference section */

/* Begin PBXFrameworksBuildPhase section */
		CF12A0E328DECC4900849452 /* Frameworks */ = {
			isa = PBXFrameworksBuildPhase;
			buildActionMask = 2147483647;
			files = (
			);
			runOnlyForDeploymentPostprocessing = 0;
		};
		CF12A0E928DECC4900849452 /* Frameworks */ = {
			isa = PBXFrameworksBuildPhase;
			buildActionMask = 2147483647;
			files = (
			);
			runOnlyForDeploymentPostprocessing = 0;
		};
		CF12A0F028DECC4900849452 /* Frameworks */ = {
			isa = PBXFrameworksBuildPhase;
			buildActionMask = 2147483647;
			files = (
			);
			runOnlyForDeploymentPostprocessing = 0;
		};
		CF12A0FC28DECC4900849452 /* Frameworks */ = {
			isa = PBXFrameworksBuildPhase;
			buildActionMask = 2147483647;
			files = (
			);
			runOnlyForDeploymentPostprocessing = 0;
		};
/* End PBXFrameworksBuildPhase section */

/* Begin PBXGroup section */
		CF12A0D928DECC4600849452 = {
			isa = PBXGroup;
			children = (
				CF12A0DE28DECC4600849452 /* Shared */,
				CF12A0ED28DECC4900849452 /* macOS */,
				CF12A0F628DECC4900849452 /* Tests iOS */,
				CF12A10228DECC4900849452 /* Tests macOS */,
				CF12A0E728DECC4900849452 /* Products */,
			);
			sourceTree = "<group>";
		};
		CF12A0DE28DECC4600849452 /* Shared */ = {
			isa = PBXGroup;
			children = (
				CF12A0DF28DECC4600849452 /* ttApp.swift */,
				CF12A0E028DECC4600849452 /* ContentView.swift */,
				CF12A0E128DECC4900849452 /* Assets.xcassets */,
			);
			path = Shared;
			sourceTree = "<group>";
		};
		CF12A0E728DECC4900849452 /* Products */ = {
			isa = PBXGroup;
			children = (
				CF12A0E628DECC4900849452 /* tt.app */,
				CF12A0EC28DECC4900849452 /* tt.app */,
				CF12A0F328DECC4900849452 /* Tests iOS.xctest */,
				CF12A0FF28DECC4900849452 /* Tests macOS.xctest */,
			);
			name = Products;
			sourceTree = "<group>";
		};
		CF12A0ED28DECC4900849452 /* macOS */ = {
			isa = PBXGroup;
			children = (
				CF12A0EE28DECC4900849452 /* macOS.entitlements */,
			);
			path = macOS;
			sourceTree = "<group>";
		};
		CF12A0F628DECC4900849452 /* Tests iOS */ = {
			isa = PBXGroup;
			children = (
				CF12A0F728DECC4900849452 /* Tests_iOS.swift */,
				CF12A0F928DECC4900849452 /* Tests_iOSLaunchTests.swift */,
			);
			path = "Tests iOS";
			sourceTree = "<group>";
		};
		CF12A10228DECC4900849452 /* Tests macOS */ = {
			isa = PBXGroup;
			children = (
				CF12A10328DECC4900849452 /* Tests_macOS.swift */,
				CF12A10528DECC4900849452 /* Tests_macOSLaunchTests.swift */,
			);
			path = "Tests macOS";
			sourceTree = "<group>";
		};
/* End PBXGroup section */

/* Begin PBXNativeTarget section */
		CF12A0E528DECC4900849452 /* tt (iOS) */ = {
			isa = PBXNativeTarget;
			buildConfigurationList = CF12A10F28DECC4900849452 /* Build configuration list for PBXNativeTarget "tt (iOS)" */;
			buildPhases = (
				CF12A0E228DECC4900849452 /* Sources */,
				CF12A0E328DECC4900849452 /* Frameworks */,
				CF12A0E428DECC4900849452 /* Resources */,
			);
			buildRules = (
			);
			dependencies = (
			);
			name = "tt (iOS)";
			productName = "tt (iOS)";
			productReference = CF12A0E628DECC4900849452 /* tt.app */;
			productType = "com.apple.product-type.application";
		};
		CF12A0EB28DECC4900849452 /* tt (macOS) */ = {
			isa = PBXNativeTarget;
			buildConfigurationList = CF12A11228DECC4900849452 /* Build configuration list for PBXNativeTarget "tt (macOS)" */;
			buildPhases = (
				CF12A0E828DECC4900849452 /* Sources */,
				CF12A0E928DECC4900849452 /* Frameworks */,
				CF12A0EA28DECC4900849452 /* Resources */,
			);
			buildRules = (
			);
			dependencies = (
			);
			name = "tt (macOS)";
			productName = "tt (macOS)";
			productReference = CF12A0EC28DECC4900849452 /* tt.app */;
			productType = "com.apple.product-type.application";
		};
		CF12A0F228DECC4900849452 /* Tests iOS */ = {
			isa = PBXNativeTarget;
			buildConfigurationList = CF12A11528DECC4900849452 /* Build configuration list for PBXNativeTarget "Tests iOS" */;
			buildPhases = (
				CF12A0EF28DECC4900849452 /* Sources */,
				CF12A0F028DECC4900849452 /* Frameworks */,
				CF12A0F128DECC4900849452 /* Resources */,
			);
			buildRules = (
			);
			dependencies = (
				CF12A0F528DECC4900849452 /* PBXTargetDependency */,
			);
			name = "Tests iOS";
			productName = "Tests iOS";
			productReference = CF12A0F328DECC4900849452 /* Tests iOS.xctest */;
			productType = "com.apple.product-type.bundle.ui-testing";
		};
		CF12A0FE28DECC4900849452 /* Tests macOS */ = {
			isa = PBXNativeTarget;
			buildConfigurationList = CF12A11828DECC4900849452 /* Build configuration list for PBXNativeTarget "Tests macOS" */;
			buildPhases = (
				CF12A0FB28DECC4900849452 /* Sources */,
				CF12A0FC28DECC4900849452 /* Frameworks */,
				CF12A0FD28DECC4900849452 /* Resources */,
			);
			buildRules = (
			);
			dependencies = (
				CF12A10128DECC4900849452 /* PBXTargetDependency */,
			);
			name = "Tests macOS";
			productName = "Tests macOS";
			productReference = CF12A0FF28DECC4900849452 /* Tests macOS.xctest */;
			productType = "com.apple.product-type.bundle.ui-testing";
		};
/* End PBXNativeTarget section */

/* Begin PBXProject section */
		CF12A0DA28DECC4600849452 /* Project object */ = {
			isa = PBXProject;
			attributes = {
				BuildIndependentTargetsInParallel = 1;
				LastSwiftUpdateCheck = 1340;
				LastUpgradeCheck = 1340;
				TargetAttributes = {
					CF12A0E528DECC4900849452 = {
						CreatedOnToolsVersion = 13.4.1;
					};
					CF12A0EB28DECC4900849452 = {
						CreatedOnToolsVersion = 13.4.1;
					};
					CF12A0F228DECC4900849452 = {
						CreatedOnToolsVersion = 13.4.1;
						TestTargetID = CF12A0E528DECC4900849452;
					};
					CF12A0FE28DECC4900849452 = {
						CreatedOnToolsVersion = 13.4.1;
						TestTargetID = CF12A0EB28DECC4900849452;
					};
				};
			};
			buildConfigurationList = CF12A0DD28DECC4600849452 /* Build configuration list for PBXProject "tt" */;
			compatibilityVersion = "Xcode 13.0";
			developmentRegion = en;
			hasScannedForEncodings = 0;
			knownRegions = (
				en,
				Base,
			);
			mainGroup = CF12A0D928DECC4600849452;
			productRefGroup = CF12A0E728DECC4900849452 /* Products */;
			projectDirPath = "";
			projectRoot = "";
			targets = (
				CF12A0E528DECC4900849452 /* tt (iOS) */,
				CF12A0EB28DECC4900849452 /* tt (macOS) */,
				CF12A0F228DECC4900849452 /* Tests iOS */,
				CF12A0FE28DECC4900849452 /* Tests macOS */,
			);
		};
/* End PBXProject section */

/* Begin PBXResourcesBuildPhase section */
		CF12A0E428DECC4900849452 /* Resources */ = {
			isa = PBXResourcesBuildPhase;
			buildActionMask = 2147483647;
			files = (
				CF12A10B28DECC4900849452 /* Assets.xcassets in Resources */,
			);
			runOnlyForDeploymentPostprocessing = 0;
		};
		CF12A0EA28DECC4900849452 /* Resources */ = {
			isa = PBXResourcesBuildPhase;
			buildActionMask = 2147483647;
			files = (
				CF12A10C28DECC4900849452 /* Assets.xcassets in Resources */,
			);
			runOnlyForDeploymentPostprocessing = 0;
		};
		CF12A0F128DECC4900849452 /* Resources */ = {
			isa = PBXResourcesBuildPhase;
			buildActionMask = 2147483647;
			files = (
			);
			runOnlyForDeploymentPostprocessing = 0;
		};
		CF12A0FD28DECC4900849452 /* Resources */ = {
			isa = PBXResourcesBuildPhase;
			buildActionMask = 2147483647;
			files = (
			);
			runOnlyForDeploymentPostprocessing = 0;
		};
/* End PBXResourcesBuildPhase section */

/* Begin PBXSourcesBuildPhase section */
		CF12A0E228DECC4900849452 /* Sources */ = {
			isa = PBXSourcesBuildPhase;
			buildActionMask = 2147483647;
			files = (
				CF12A10928DECC4900849452 /* ContentView.swift in Sources */,
				CF12A10728DECC4900849452 /* ttApp.swift in Sources */,
			);
			runOnlyForDeploymentPostprocessing = 0;
		};
		CF12A0E828DECC4900849452 /* Sources */ = {
			isa = PBXSourcesBuildPhase;
			buildActionMask = 2147483647;
			files = (
				CF12A10A28DECC4900849452 /* ContentView.swift in Sources */,
				CF12A10828DECC4900849452 /* ttApp.swift in Sources */,
			);
			runOnlyForDeploymentPostprocessing = 0;
		};
		CF12A0EF28DECC4900849452 /* Sources */ = {
			isa = PBXSourcesBuildPhase;
			buildActionMask = 2147483647;
			files = (
				CF12A0FA28DECC4900849452 /* Tests_iOSLaunchTests.swift in Sources */,
				CF12A0F828DECC4900849452 /* Tests_iOS.swift in Sources */,
			);
			runOnlyForDeploymentPostprocessing = 0;
		};
		CF12A0FB28DECC4900849452 /* Sources */ = {
			isa = PBXSourcesBuildPhase;
			buildActionMask = 2147483647;
			files = (
				CF12A10628DECC4900849452 /* Tests_macOSLaunchTests.swift in Sources */,
				CF12A10428DECC4900849452 /* Tests_macOS.swift in Sources */,
			);
			runOnlyForDeploymentPostprocessing = 0;
		};
/* End PBXSourcesBuildPhase section */

/* Begin PBXTargetDependency section */
		CF12A0F528DECC4900849452 /* PBXTargetDependency */ = {
			isa = PBXTargetDependency;
			target = CF12A0E528DECC4900849452 /* tt (iOS) */;
			targetProxy = CF12A0F428DECC4900849452 /* PBXContainerItemProxy */;
		};
		CF12A10128DECC4900849452 /* PBXTargetDependency */ = {
			isa = PBXTargetDependency;
			target = CF12A0EB28DECC4900849452 /* tt (macOS) */;
			targetProxy = CF12A10028DECC4900849452 /* PBXContainerItemProxy */;
		};
/* End PBXTargetDependency section */

/* Begin XCBuildConfiguration section */
		CF12A10D28DECC4900849452 /* Debug */ = {
			isa = XCBuildConfiguration;
			buildSettings = {
				ALWAYS_SEARCH_USER_PATHS = NO;
				CLANG_ANALYZER_NONNULL = YES;
				CLANG_ANALYZER_NUMBER_OBJECT_CONVERSION = YES_AGGRESSIVE;
				CLANG_CXX_LANGUAGE_STANDARD = "gnu++17";
				CLANG_ENABLE_MODULES = YES;
				CLANG_ENABLE_OBJC_ARC = YES;
				CLANG_ENABLE_OBJC_WEAK = YES;
				CLANG_WARN_BLOCK_CAPTURE_AUTORELEASING = YES;
				CLANG_WARN_BOOL_CONVERSION = YES;
				CLANG_WARN_COMMA = YES;
				CLANG_WARN_CONSTANT_CONVERSION = YES;
				CLANG_WARN_DEPRECATED_OBJC_IMPLEMENTATIONS = YES;
				CLANG_WARN_DIRECT_OBJC_ISA_USAGE = YES_ERROR;
				CLANG_WARN_DOCUMENTATION_COMMENTS = YES;
				CLANG_WARN_EMPTY_BODY = YES;
				CLANG_WARN_ENUM_CONVERSION = YES;
				CLANG_WARN_INFINITE_RECURSION = YES;
				CLANG_WARN_INT_CONVERSION = YES;
				CLANG_WARN_NON_LITERAL_NULL_CONVERSION = YES;
				CLANG_WARN_OBJC_IMPLICIT_RETAIN_SELF = YES;
				CLANG_WARN_OBJC_LITERAL_CONVERSION = YES;
				CLANG_WARN_OBJC_ROOT_CLASS = YES_ERROR;
				CLANG_WARN_QUOTED_INCLUDE_IN_FRAMEWORK_HEADER = YES;
				CLANG_WARN_RANGE_LOOP_ANALYSIS = YES;
				CLANG_WARN_STRICT_PROTOTYPES = YES;
				CLANG_WARN_SUSPICIOUS_MOVE = YES;
				CLANG_WARN_UNGUARDED_AVAILABILITY = YES_AGGRESSIVE;
				CLANG_WARN_UNREACHABLE_CODE = YES;
				CLANG_WARN__DUPLICATE_METHOD_MATCH = YES;
				COPY_PHASE_STRIP = NO;
				DEBUG_INFORMATION_FORMAT = dwarf;
				ENABLE_STRICT_OBJC_MSGSEND = YES;
				ENABLE_TESTABILITY = YES;
				GCC_C_LANGUAGE_STANDARD = gnu11;
				GCC_DYNAMIC_NO_PIC = NO;
				GCC_NO_COMMON_BLOCKS = YES;
				GCC_OPTIMIZATION_LEVEL = 0;
				GCC_PREPROCESSOR_DEFINITIONS = (
					"DEBUG=1",
					"$(inherited)",
				);
				GCC_WARN_64_TO_32_BIT_CONVERSION = YES;
				GCC_WARN_ABOUT_RETURN_TYPE = YES_ERROR;
				GCC_WARN_UNDECLARED_SELECTOR = YES;
				GCC_WARN_UNINITIALIZED_AUTOS = YES_AGGRESSIVE;
				GCC_WARN_UNUSED_FUNCTION = YES;
				GCC_WARN_UNUSED_VARIABLE = YES;
				MTL_ENABLE_DEBUG_INFO = INCLUDE_SOURCE;
				MTL_FAST_MATH = YES;
				ONLY_ACTIVE_ARCH = YES;
				SWIFT_ACTIVE_COMPILATION_CONDITIONS = DEBUG;
				SWIFT_OPTIMIZATION_LEVEL = "-Onone";
			};
			name = Debug;
		};
		CF12A10E28DECC4900849452 /* Release */ = {
			isa = XCBuildConfiguration;
			buildSettings = {
				ALWAYS_SEARCH_USER_PATHS = NO;
				CLANG_ANALYZER_NONNULL = YES;
				CLANG_ANALYZER_NUMBER_OBJECT_CONVERSION = YES_AGGRESSIVE;
				CLANG_CXX_LANGUAGE_STANDARD = "gnu++17";
				CLANG_ENABLE_MODULES = YES;
				CLANG_ENABLE_OBJC_ARC = YES;
				CLANG_ENABLE_OBJC_WEAK = YES;
				CLANG_WARN_BLOCK_CAPTURE_AUTORELEASING = YES;
				CLANG_WARN_BOOL_CONVERSION = YES;
				CLANG_WARN_COMMA = YES;
				CLANG_WARN_CONSTANT_CONVERSION = YES;
				CLANG_WARN_DEPRECATED_OBJC_IMPLEMENTATIONS = YES;
				CLANG_WARN_DIRECT_OBJC_ISA_USAGE = YES_ERROR;
				CLANG_WARN_DOCUMENTATION_COMMENTS = YES;
				CLANG_WARN_EMPTY_BODY = YES;
				CLANG_WARN_ENUM_CONVERSION = YES;
				CLANG_WARN_INFINITE_RECURSION = YES;
				CLANG_WARN_INT_CONVERSION = YES;
				CLANG_WARN_NON_LITERAL_NULL_CONVERSION = YES;
				CLANG_WARN_OBJC_IMPLICIT_RETAIN_SELF = YES;
				CLANG_WARN_OBJC_LITERAL_CONVERSION = YES;
				CLANG_WARN_OBJC_ROOT_CLASS = YES_ERROR;
				CLANG_WARN_QUOTED_INCLUDE_IN_FRAMEWORK_HEADER = YES;
				CLANG_WARN_RANGE_LOOP_ANALYSIS = YES;
				CLANG_WARN_STRICT_PROTOTYPES = YES;
				CLANG_WARN_SUSPICIOUS_MOVE = YES;
				CLANG_WARN_UNGUARDED_AVAILABILITY = YES_AGGRESSIVE;
				CLANG_WARN_UNREACHABLE_CODE = YES;
				CLANG_WARN__DUPLICATE_METHOD_MATCH = YES;
				COPY_PHASE_STRIP = NO;
				DEBUG_INFORMATION_FORMAT = "dwarf-with-dsym";
				ENABLE_NS_ASSERTIONS = NO;
				ENABLE_STRICT_OBJC_MSGSEND = YES;
				GCC_C_LANGUAGE_STANDARD = gnu11;
				GCC_NO_COMMON_BLOCKS = YES;
				GCC_WARN_64_TO_32_BIT_CONVERSION = YES;
				GCC_WARN_ABOUT_RETURN_TYPE = YES_ERROR;
				GCC_WARN_UNDECLARED_SELECTOR = YES;
				GCC_WARN_UNINITIALIZED_AUTOS = YES_AGGRESSIVE;
				GCC_WARN_UNUSED_FUNCTION = YES;
				GCC_WARN_UNUSED_VARIABLE = YES;
				MTL_ENABLE_DEBUG_INFO = NO;
				MTL_FAST_MATH = YES;
				SWIFT_COMPILATION_MODE = wholemodule;
				SWIFT_OPTIMIZATION_LEVEL = "-O";
			};
			name = Release;
		};
		CF12A11028DECC4900849452 /* Debug */ = {
			isa = XCBuildConfiguration;
			buildSettings = {
				ASSETCATALOG_COMPILER_APPICON_NAME = AppIcon;
				ASSETCATALOG_COMPILER_GLOBAL_ACCENT_COLOR_NAME = AccentColor;
				CODE_SIGN_STYLE = Automatic;
				CURRENT_PROJECT_VERSION = 1;
				ENABLE_PREVIEWS = YES;
				GENERATE_INFOPLIST_FILE = YES;
				INFOPLIST_KEY_UIApplicationSceneManifest_Generation = YES;
				INFOPLIST_KEY_UIApplicationSupportsIndirectInputEvents = YES;
				INFOPLIST_KEY_UILaunchScreen_Generation = YES;
				INFOPLIST_KEY_UISupportedInterfaceOrientations_iPad = "UIInterfaceOrientationPortrait UIInterfaceOrientationPortraitUpsideDown UIInterfaceOrientationLandscapeLeft UIInterfaceOrientationLandscapeRight";
				INFOPLIST_KEY_UISupportedInterfaceOrientations_iPhone = "UIInterfaceOrientationPortrait UIInterfaceOrientationLandscapeLeft UIInterfaceOrientationLandscapeRight";
				IPHONEOS_DEPLOYMENT_TARGET = 15.5;
				LD_RUNPATH_SEARCH_PATHS = (
					"$(inherited)",
					"@executable_path/Frameworks",
				);
				MARKETING_VERSION = 1.0;
				PRODUCT_BUNDLE_IDENTIFIER = hiching.tt;
				PRODUCT_NAME = tt;
				SDKROOT = iphoneos;
				SWIFT_EMIT_LOC_STRINGS = YES;
				SWIFT_VERSION = 5.0;
				TARGETED_DEVICE_FAMILY = "1,2";
			};
			name = Debug;
		};
		CF12A11128DECC4900849452 /* Release */ = {
			isa = XCBuildConfiguration;
			buildSettings = {
				ASSETCATALOG_COMPILER_APPICON_NAME = AppIcon;
				ASSETCATALOG_COMPILER_GLOBAL_ACCENT_COLOR_NAME = AccentColor;
				CODE_SIGN_STYLE = Automatic;
				CURRENT_PROJECT_VERSION = 1;
				ENABLE_PREVIEWS = YES;
				GENERATE_INFOPLIST_FILE = YES;
				INFOPLIST_KEY_UIApplicationSceneManifest_Generation = YES;
				INFOPLIST_KEY_UIApplicationSupportsIndirectInputEvents = YES;
				INFOPLIST_KEY_UILaunchScreen_Generation = YES;
				INFOPLIST_KEY_UISupportedInterfaceOrientations_iPad = "UIInterfaceOrientationPortrait UIInterfaceOrientationPortraitUpsideDown UIInterfaceOrientationLandscapeLeft UIInterfaceOrientationLandscapeRight";
				INFOPLIST_KEY_UISupportedInterfaceOrientations_iPhone = "UIInterfaceOrientationPortrait UIInterfaceOrientationLandscapeLeft UIInterfaceOrientationLandscapeRight";
				IPHONEOS_DEPLOYMENT_TARGET = 15.5;
				LD_RUNPATH_SEARCH_PATHS = (
					"$(inherited)",
					"@executable_path/Frameworks",
				);
				MARKETING_VERSION = 1.0;
				PRODUCT_BUNDLE_IDENTIFIER = hiching.tt;
				PRODUCT_NAME = tt;
				SDKROOT = iphoneos;
				SWIFT_EMIT_LOC_STRINGS = YES;
				SWIFT_VERSION = 5.0;
				TARGETED_DEVICE_FAMILY = "1,2";
				VALIDATE_PRODUCT = YES;
			};
			name = Release;
		};
		CF12A11328DECC4900849452 /* Debug */ = {
			isa = XCBuildConfiguration;
			buildSettings = {
				ASSETCATALOG_COMPILER_APPICON_NAME = AppIcon;
				ASSETCATALOG_COMPILER_GLOBAL_ACCENT_COLOR_NAME = AccentColor;
				CODE_SIGN_ENTITLEMENTS = macOS/macOS.entitlements;
				CODE_SIGN_STYLE = Automatic;
				COMBINE_HIDPI_IMAGES = YES;
				CURRENT_PROJECT_VERSION = 1;
				ENABLE_PREVIEWS = YES;
				GENERATE_INFOPLIST_FILE = YES;
				INFOPLIST_KEY_NSHumanReadableCopyright = "";
				LD_RUNPATH_SEARCH_PATHS = (
					"$(inherited)",
					"@executable_path/../Frameworks",
				);
				MACOSX_DEPLOYMENT_TARGET = 12.3;
				MARKETING_VERSION = 1.0;
				PRODUCT_BUNDLE_IDENTIFIER = hiching.tt;
				PRODUCT_NAME = tt;
				SDKROOT = macosx;
				SWIFT_EMIT_LOC_STRINGS = YES;
				SWIFT_VERSION = 5.0;
			};
			name = Debug;
		};
		CF12A11428DECC4900849452 /* Release */ = {
			isa = XCBuildConfiguration;
			buildSettings = {
				ASSETCATALOG_COMPILER_APPICON_NAME = AppIcon;
				ASSETCATALOG_COMPILER_GLOBAL_ACCENT_COLOR_NAME = AccentColor;
				CODE_SIGN_ENTITLEMENTS = macOS/macOS.entitlements;
				CODE_SIGN_STYLE = Automatic;
				COMBINE_HIDPI_IMAGES = YES;
				CURRENT_PROJECT_VERSION = 1;
				ENABLE_PREVIEWS = YES;
				GENERATE_INFOPLIST_FILE = YES;
				INFOPLIST_KEY_NSHumanReadableCopyright = "";
				LD_RUNPATH_SEARCH_PATHS = (
					"$(inherited)",
					"@executable_path/../Frameworks",
				);
				MACOSX_DEPLOYMENT_TARGET = 12.3;
				MARKETING_VERSION = 1.0;
				PRODUCT_BUNDLE_IDENTIFIER = hiching.tt;
				PRODUCT_NAME = tt;
				SDKROOT = macosx;
				SWIFT_EMIT_LOC_STRINGS = YES;
				SWIFT_VERSION = 5.0;
			};
			name = Release;
		};
		CF12A11628DECC4900849452 /* Debug */ = {
			isa = XCBuildConfiguration;
			buildSettings = {
				ALWAYS_EMBED_SWIFT_STANDARD_LIBRARIES = YES;
				CODE_SIGN_STYLE = Automatic;
				CURRENT_PROJECT_VERSION = 1;
				GENERATE_INFOPLIST_FILE = YES;
				IPHONEOS_DEPLOYMENT_TARGET = 15.5;
				MARKETING_VERSION = 1.0;
				PRODUCT_BUNDLE_IDENTIFIER = "hiching.Tests-iOS";
				PRODUCT_NAME = "$(TARGET_NAME)";
				SDKROOT = iphoneos;
				SWIFT_EMIT_LOC_STRINGS = NO;
				SWIFT_VERSION = 5.0;
				TARGETED_DEVICE_FAMILY = "1,2";
				TEST_TARGET_NAME = "tt (iOS)";
			};
			name = Debug;
		};
		CF12A11728DECC4900849452 /* Release */ = {
			isa = XCBuildConfiguration;
			buildSettings = {
				ALWAYS_EMBED_SWIFT_STANDARD_LIBRARIES = YES;
				CODE_SIGN_STYLE = Automatic;
				CURRENT_PROJECT_VERSION = 1;
				GENERATE_INFOPLIST_FILE = YES;
				IPHONEOS_DEPLOYMENT_TARGET = 15.5;
				MARKETING_VERSION = 1.0;
				PRODUCT_BUNDLE_IDENTIFIER = "hiching.Tests-iOS";
				PRODUCT_NAME = "$(TARGET_NAME)";
				SDKROOT = iphoneos;
				SWIFT_EMIT_LOC_STRINGS = NO;
				SWIFT_VERSION = 5.0;
				TARGETED_DEVICE_FAMILY = "1,2";
				TEST_TARGET_NAME = "tt (iOS)";
				VALIDATE_PRODUCT = YES;
			};
			name = Release;
		};
		CF12A11928DECC4900849452 /* Debug */ = {
			isa = XCBuildConfiguration;
			buildSettings = {
				ALWAYS_EMBED_SWIFT_STANDARD_LIBRARIES = YES;
				CODE_SIGN_STYLE = Automatic;
				CURRENT_PROJECT_VERSION = 1;
				GENERATE_INFOPLIST_FILE = YES;
				MACOSX_DEPLOYMENT_TARGET = 12.3;
				MARKETING_VERSION = 1.0;
				PRODUCT_BUNDLE_IDENTIFIER = "hiching.Tests-macOS";
				PRODUCT_NAME = "$(TARGET_NAME)";
				SDKROOT = macosx;
				SWIFT_EMIT_LOC_STRINGS = NO;
				SWIFT_VERSION = 5.0;
				TEST_TARGET_NAME = "tt (macOS)";
			};
			name = Debug;
		};
		CF12A11A28DECC4900849452 /* Release */ = {
			isa = XCBuildConfiguration;
			buildSettings = {
				ALWAYS_EMBED_SWIFT_STANDARD_LIBRARIES = YES;
				CODE_SIGN_STYLE = Automatic;
				CURRENT_PROJECT_VERSION = 1;
				GENERATE_INFOPLIST_FILE = YES;
				MACOSX_DEPLOYMENT_TARGET = 12.3;
				MARKETING_VERSION = 1.0;
				PRODUCT_BUNDLE_IDENTIFIER = "hiching.Tests-macOS";
				PRODUCT_NAME = "$(TARGET_NAME)";
				SDKROOT = macosx;
				SWIFT_EMIT_LOC_STRINGS = NO;
				SWIFT_VERSION = 5.0;
				TEST_TARGET_NAME = "tt (macOS)";
			};
			name = Release;
		};
/* End XCBuildConfiguration section */

/* Begin XCConfigurationList section */
		CF12A0DD28DECC4600849452 /* Build configuration list for PBXProject "tt" */ = {
			isa = XCConfigurationList;
			buildConfigurations = (
				CF12A10D28DECC4900849452 /* Debug */,
				CF12A10E28DECC4900849452 /* Release */,
			);
			defaultConfigurationIsVisible = 0;
			defaultConfigurationName = Release;
		};
		CF12A10F28DECC4900849452 /* Build configuration list for PBXNativeTarget "tt (iOS)" */ = {
			isa = XCConfigurationList;
			buildConfigurations = (
				CF12A11028DECC4900849452 /* Debug */,
				CF12A11128DECC4900849452 /* Release */,
			);
			defaultConfigurationIsVisible = 0;
			defaultConfigurationName = Release;
		};
		CF12A11228DECC4900849452 /* Build configuration list for PBXNativeTarget "tt (macOS)" */ = {
			isa = XCConfigurationList;
			buildConfigurations = (
				CF12A11328DECC4900849452 /* Debug */,
				CF12A11428DECC4900849452 /* Release */,
			);
			defaultConfigurationIsVisible = 0;
			defaultConfigurationName = Release;
		};
		CF12A11528DECC4900849452 /* Build configuration list for PBXNativeTarget "Tests iOS" */ = {
			isa = XCConfigurationList;
			buildConfigurations = (
				CF12A11628DECC4900849452 /* Debug */,
				CF12A11728DECC4900849452 /* Release */,
			);
			defaultConfigurationIsVisible = 0;
			defaultConfigurationName = Release;
		};
		CF12A11828DECC4900849452 /* Build configuration list for PBXNativeTarget "Tests macOS" */ = {
			isa = XCConfigurationList;
			buildConfigurations = (
				CF12A11928DECC4900849452 /* Debug */,
				CF12A11A28DECC4900849452 /* Release */,
			);
			defaultConfigurationIsVisible = 0;
			defaultConfigurationName = Release;
		};
/* End XCConfigurationList section */
	};
	rootObject = CF12A0DA28DECC4600849452 /* Project object */;
}
